
Microsoft Visual Studio Solution File, Format Version 12.00
# Visual Studio Version 17
VisualStudioVersion = 17.0.32112.339
MinimumVisualStudioVersion = 10.0.40219.1
Project("{2150E333-8FDC-42A3-9474-1A3956D46DE8}") = "Services", "Services", "{2C8B2D91-2D6E-4F11-AB09-7CC0CD64FD5D}"
EndProject
Project("{2150E333-8FDC-42A3-9474-1A3956D46DE8}") = "Catalog", "Catalog", "{4E46BF92-BD41-40BA-A76C-9DEBDBF88338}"
EndProject
Project("{9A19103F-16F7-4668-BE54-9A1E7A4F7556}") = "Catalog.API", "Services\Catalog\Catalog.API\Catalog.API.csproj", "{F3882CD1-D9C8-4CC7-A72C-D470A21D5107}"
EndProject
Project("{E53339B2-1760-4266-BCC7-CA923CBCF16C}") = "docker-compose", "docker-compose.dcproj", "{10E92899-A413-4A17-82CC-265D3BE79989}"
EndProject
Project("{2150E333-8FDC-42A3-9474-1A3956D46DE8}") = "Basket", "Basket", "{69B8FB7C-329C-4117-BEA2-25052A1CBED0}"
EndProject
Project("{9A19103F-16F7-4668-BE54-9A1E7A4F7556}") = "Basket.API", "Services\Basket\Basket.API\Basket.API.csproj", "{7E4D45BD-7687-426A-92C5-2AFDAF345D6E}"
EndProject
Project("{2150E333-8FDC-42A3-9474-1A3956D46DE8}") = "Discount", "Discount", "{57A47F63-84AB-4474-ADC8-E5D15EF5B7E5}"
EndProject
Project("{9A19103F-16F7-4668-BE54-9A1E7A4F7556}") = "Discount.API", "Services\Discount\Discount.API\Discount.API.csproj", "{9423D630-FC58-4EA9-9FA7-5308448D88BC}"
EndProject
Project("{9A19103F-16F7-4668-BE54-9A1E7A4F7556}") = "Discount.Grpc", "Services\Discount\Discount.Grpc\Discount.Grpc.csproj", "{4CA56A79-680D-41EF-AAE4-6BF66B93FA35}"
EndProject
Project("{2150E333-8FDC-42A3-9474-1A3956D46DE8}") = "Ordering", "Ordering", "{FE4EEB86-1D9D-4156-BAEB-9A04BDE0DC9C}"
EndProject
Project("{9A19103F-16F7-4668-BE54-9A1E7A4F7556}") = "Ordering.API", "Services\Ordering\Ordering.API\Ordering.API.csproj", "{A7FC21B3-5D80-4BD2-9A0F-430CF4580919}"
EndProject
Project("{9A19103F-16F7-4668-BE54-9A1E7A4F7556}") = "Ordering.Domain", "Services\Ordering\Ordering.Domain\Ordering.Domain.csproj", "{FE42242B-61BB-40C4-BB37-E9D7FC69155D}"
EndProject
Project("{9A19103F-16F7-4668-BE54-9A1E7A4F7556}") = "Ordering.Application", "Services\Ordering\Ordering.Application\Ordering.Application.csproj", "{A862BB3B-E7BE-4BAD-9D32-C76A44D2240D}"
EndProject
Project("{9A19103F-16F7-4668-BE54-9A1E7A4F7556}") = "Ordering.Infrastructure", "Services\Ordering\Ordering.Infrastructure\Ordering.Infrastructure.csproj", "{04B1C2BC-BADF-4373-B47D-324207058E43}"
EndProject
Project("{2150E333-8FDC-42A3-9474-1A3956D46DE8}") = "BuildingBlocks", "BuildingBlocks", "{E10065D3-3569-4733-A6E0-1FFA8C046E99}"
EndProject
Project("{FAE04EC0-301F-11D3-BF4B-00C04F79EFBC}") = "EventBus.Messages", "BuildingBlocks\EventBus.Messages\EventBus.Messages.csproj", "{FE570C59-12F3-426F-A162-E0C43681A0C6}"
EndProject
Global
	GlobalSection(SolutionConfigurationPlatforms) = preSolution
		Debug|Any CPU = Debug|Any CPU
		Release|Any CPU = Release|Any CPU
	EndGlobalSection
	GlobalSection(ProjectConfigurationPlatforms) = postSolution
		{F3882CD1-D9C8-4CC7-A72C-D470A21D5107}.Debug|Any CPU.ActiveCfg = Debug|Any CPU
		{F3882CD1-D9C8-4CC7-A72C-D470A21D5107}.Debug|Any CPU.Build.0 = Debug|Any CPU
		{F3882CD1-D9C8-4CC7-A72C-D470A21D5107}.Release|Any CPU.ActiveCfg = Release|Any CPU
		{F3882CD1-D9C8-4CC7-A72C-D470A21D5107}.Release|Any CPU.Build.0 = Release|Any CPU
		{10E92899-A413-4A17-82CC-265D3BE79989}.Debug|Any CPU.ActiveCfg = Debug|Any CPU
		{10E92899-A413-4A17-82CC-265D3BE79989}.Debug|Any CPU.Build.0 = Debug|Any CPU
		{10E92899-A413-4A17-82CC-265D3BE79989}.Release|Any CPU.ActiveCfg = Release|Any CPU
		{10E92899-A413-4A17-82CC-265D3BE79989}.Release|Any CPU.Build.0 = Release|Any CPU
		{7E4D45BD-7687-426A-92C5-2AFDAF345D6E}.Debug|Any CPU.ActiveCfg = Debug|Any CPU
		{7E4D45BD-7687-426A-92C5-2AFDAF345D6E}.Debug|Any CPU.Build.0 = Debug|Any CPU
		{7E4D45BD-7687-426A-92C5-2AFDAF345D6E}.Release|Any CPU.ActiveCfg = Release|Any CPU
		{7E4D45BD-7687-426A-92C5-2AFDAF345D6E}.Release|Any CPU.Build.0 = Release|Any CPU
		{9423D630-FC58-4EA9-9FA7-5308448D88BC}.Debug|Any CPU.ActiveCfg = Debug|Any CPU
		{9423D630-FC58-4EA9-9FA7-5308448D88BC}.Debug|Any CPU.Build.0 = Debug|Any CPU
		{9423D630-FC58-4EA9-9FA7-5308448D88BC}.Release|Any CPU.ActiveCfg = Release|Any CPU
		{9423D630-FC58-4EA9-9FA7-5308448D88BC}.Release|Any CPU.Build.0 = Release|Any CPU
		{4CA56A79-680D-41EF-AAE4-6BF66B93FA35}.Debug|Any CPU.ActiveCfg = Debug|Any CPU
		{4CA56A79-680D-41EF-AAE4-6BF66B93FA35}.Debug|Any CPU.Build.0 = Debug|Any CPU
		{4CA56A79-680D-41EF-AAE4-6BF66B93FA35}.Release|Any CPU.ActiveCfg = Release|Any CPU
		{4CA56A79-680D-41EF-AAE4-6BF66B93FA35}.Release|Any CPU.Build.0 = Release|Any CPU
		{A7FC21B3-5D80-4BD2-9A0F-430CF4580919}.Debug|Any CPU.ActiveCfg = Debug|Any CPU
		{A7FC21B3-5D80-4BD2-9A0F-430CF4580919}.Debug|Any CPU.Build.0 = Debug|Any CPU
		{A7FC21B3-5D80-4BD2-9A0F-430CF4580919}.Release|Any CPU.ActiveCfg = Release|Any CPU
		{A7FC21B3-5D80-4BD2-9A0F-430CF4580919}.Release|Any CPU.Build.0 = Release|Any CPU
		{FE42242B-61BB-40C4-BB37-E9D7FC69155D}.Debug|Any CPU.ActiveCfg = Debug|Any CPU
		{FE42242B-61BB-40C4-BB37-E9D7FC69155D}.Debug|Any CPU.Build.0 = Debug|Any CPU
		{FE42242B-61BB-40C4-BB37-E9D7FC69155D}.Release|Any CPU.ActiveCfg = Release|Any CPU
		{FE42242B-61BB-40C4-BB37-E9D7FC69155D}.Release|Any CPU.Build.0 = Release|Any CPU
		{A862BB3B-E7BE-4BAD-9D32-C76A44D2240D}.Debug|Any CPU.ActiveCfg = Debug|Any CPU
		{A862BB3B-E7BE-4BAD-9D32-C76A44D2240D}.Debug|Any CPU.Build.0 = Debug|Any CPU
		{A862BB3B-E7BE-4BAD-9D32-C76A44D2240D}.Release|Any CPU.ActiveCfg = Release|Any CPU
		{A862BB3B-E7BE-4BAD-9D32-C76A44D2240D}.Release|Any CPU.Build.0 = Release|Any CPU
		{04B1C2BC-BADF-4373-B47D-324207058E43}.Debug|Any CPU.ActiveCfg = Debug|Any CPU
		{04B1C2BC-BADF-4373-B47D-324207058E43}.Debug|Any CPU.Build.0 = Debug|Any CPU
		{04B1C2BC-BADF-4373-B47D-324207058E43}.Release|Any CPU.ActiveCfg = Release|Any CPU
		{04B1C2BC-BADF-4373-B47D-324207058E43}.Release|Any CPU.Build.0 = Release|Any CPU
		{FE570C59-12F3-426F-A162-E0C43681A0C6}.Debug|Any CPU.ActiveCfg = Debug|Any CPU
		{FE570C59-12F3-426F-A162-E0C43681A0C6}.Debug|Any CPU.Build.0 = Debug|Any CPU
		{FE570C59-12F3-426F-A162-E0C43681A0C6}.Release|Any CPU.ActiveCfg = Release|Any CPU
		{FE570C59-12F3-426F-A162-E0C43681A0C6}.Release|Any CPU.Build.0 = Release|Any CPU
	EndGlobalSection
	GlobalSection(SolutionProperties) = preSolution
		HideSolutionNode = FALSE
	EndGlobalSection
	GlobalSection(NestedProjects) = preSolution
		{4E46BF92-BD41-40BA-A76C-9DEBDBF88338} = {2C8B2D91-2D6E-4F11-AB09-7CC0CD64FD5D}
		{F3882CD1-D9C8-4CC7-A72C-D470A21D5107} = {4E46BF92-BD41-40BA-A76C-9DEBDBF88338}
		{69B8FB7C-329C-4117-BEA2-25052A1CBED0} = {2C8B2D91-2D6E-4F11-AB09-7CC0CD64FD5D}
		{7E4D45BD-7687-426A-92C5-2AFDAF345D6E} = {69B8FB7C-329C-4117-BEA2-25052A1CBED0}
		{57A47F63-84AB-4474-ADC8-E5D15EF5B7E5} = {2C8B2D91-2D6E-4F11-AB09-7CC0CD64FD5D}
		{9423D630-FC58-4EA9-9FA7-5308448D88BC} = {57A47F63-84AB-4474-ADC8-E5D15EF5B7E5}
		{4CA56A79-680D-41EF-AAE4-6BF66B93FA35} = {57A47F63-84AB-4474-ADC8-E5D15EF5B7E5}
		{FE4EEB86-1D9D-4156-BAEB-9A04BDE0DC9C} = {2C8B2D91-2D6E-4F11-AB09-7CC0CD64FD5D}
		{A7FC21B3-5D80-4BD2-9A0F-430CF4580919} = {FE4EEB86-1D9D-4156-BAEB-9A04BDE0DC9C}
		{FE42242B-61BB-40C4-BB37-E9D7FC69155D} = {FE4EEB86-1D9D-4156-BAEB-9A04BDE0DC9C}
		{A862BB3B-E7BE-4BAD-9D32-C76A44D2240D} = {FE4EEB86-1D9D-4156-BAEB-9A04BDE0DC9C}
		{04B1C2BC-BADF-4373-B47D-324207058E43} = {FE4EEB86-1D9D-4156-BAEB-9A04BDE0DC9C}
		{FE570C59-12F3-426F-A162-E0C43681A0C6} = {E10065D3-3569-4733-A6E0-1FFA8C046E99}
	EndGlobalSection
	GlobalSection(ExtensibilityGlobals) = postSolution
		SolutionGuid = {D1A44435-D34D-4E9E-8810-1267B3F9A6BE}
	EndGlobalSection
EndGlobal
